
Microsoft Visual Studio Solution File, Format Version 12.00
# Visual Studio 15
VisualStudioVersion = 15.0.27428.1
MinimumVisualStudioVersion = 10.0.40219.1
Project("{FAE04EC0-301F-11D3-BF4B-00C04F79EFBC}") = "CS_Ex1", "CS_Ex1\CS_Ex1.csproj", "{4A5500EF-4DA7-436B-881A-8040D1005179}"
EndProject
Global
	GlobalSection(SolutionConfigurationPlatforms) = preSolution
		Debug|Any CPU = Debug|Any CPU
		Release|Any CPU = Release|Any CPU
	EndGlobalSection
	GlobalSection(ProjectConfigurationPlatforms) = postSolution
		{4A5500EF-4DA7-436B-881A-8040D1005179}.Debug|Any CPU.ActiveCfg = Debug|Any CPU
		{4A5500EF-4DA7-436B-881A-8040D1005179}.Debug|Any CPU.Build.0 = Debug|Any CPU
		{4A5500EF-4DA7-436B-881A-8040D1005179}.Release|Any CPU.ActiveCfg = Release|Any CPU
		{4A5500EF-4DA7-436B-881A-8040D1005179}.Release|Any CPU.Build.0 = Release|Any CPU
	EndGlobalSection
	GlobalSection(SolutionProperties) = preSolution
		HideSolutionNode = FALSE
	EndGlobalSection
	GlobalSection(ExtensibilityGlobals) = postSolution
		SolutionGuid = {37B4970B-C038-4BF3-8749-25175BC60D0D}
	EndGlobalSection
EndGlobal
